
Microsoft Visual Studio Solution File, Format Version 11.00
# Visual C# Express 2010
Project("{FAE04EC0-301F-11D3-BF4B-00C04F79EFBC}") = "CapSavvy", "CapSavvy\CapSavvy.csproj", "{B3B74896-54F0-44AD-ACF3-0EAD9731C5BC}"
EndProject
Global
	GlobalSection(SolutionConfigurationPlatforms) = preSolution
		Debug|Any CPU = Debug|Any CPU
		Release|Any CPU = Release|Any CPU
	EndGlobalSection
	GlobalSection(ProjectConfigurationPlatforms) = postSolution
		{B3B74896-54F0-44AD-ACF3-0EAD9731C5BC}.Debug|Any CPU.ActiveCfg = Debug|Any CPU
		{B3B74896-54F0-44AD-ACF3-0EAD9731C5BC}.Debug|Any CPU.Build.0 = Debug|Any CPU
		{B3B74896-54F0-44AD-ACF3-0EAD9731C5BC}.Release|Any CPU.ActiveCfg = Release|Any CPU
		{B3B74896-54F0-44AD-ACF3-0EAD9731C5BC}.Release|Any CPU.Build.0 = Release|Any CPU
	EndGlobalSection
	GlobalSection(SolutionProperties) = preSolution
		HideSolutionNode = FALSE
	EndGlobalSection
EndGlobal
